
Microsoft Visual Studio Solution File, Format Version 12.00
# Visual Studio Version 17
VisualStudioVersion = 17.8.34330.188
MinimumVisualStudioVersion = 10.0.40219.1
Project("{FAE04EC0-301F-11D3-BF4B-00C04F79EFBC}") = "RacingGame", "RacingGame\RacingGame.csproj", "{4E82AB75-28B3-40D2-A490-A632A92E663D}"
EndProject
Project("{FAE04EC0-301F-11D3-BF4B-00C04F79EFBC}") = "GameLogic", "GameLogic\GameLogic.csproj", "{2CD8F42F-1B84-47F2-A550-5E291CB07E1E}"
EndProject
Global
	GlobalSection(SolutionConfigurationPlatforms) = preSolution
		Debug|Any CPU = Debug|Any CPU
		Release|Any CPU = Release|Any CPU
	EndGlobalSection
	GlobalSection(ProjectConfigurationPlatforms) = postSolution
		{4E82AB75-28B3-40D2-A490-A632A92E663D}.Debug|Any CPU.ActiveCfg = Debug|Any CPU
		{4E82AB75-28B3-40D2-A490-A632A92E663D}.Debug|Any CPU.Build.0 = Debug|Any CPU
		{4E82AB75-28B3-40D2-A490-A632A92E663D}.Release|Any CPU.ActiveCfg = Release|Any CPU
		{4E82AB75-28B3-40D2-A490-A632A92E663D}.Release|Any CPU.Build.0 = Release|Any CPU
		{2CD8F42F-1B84-47F2-A550-5E291CB07E1E}.Debug|Any CPU.ActiveCfg = Debug|Any CPU
		{2CD8F42F-1B84-47F2-A550-5E291CB07E1E}.Debug|Any CPU.Build.0 = Debug|Any CPU
		{2CD8F42F-1B84-47F2-A550-5E291CB07E1E}.Release|Any CPU.ActiveCfg = Release|Any CPU
		{2CD8F42F-1B84-47F2-A550-5E291CB07E1E}.Release|Any CPU.Build.0 = Release|Any CPU
	EndGlobalSection
	GlobalSection(SolutionProperties) = preSolution
		HideSolutionNode = FALSE
	EndGlobalSection
	GlobalSection(ExtensibilityGlobals) = postSolution
		SolutionGuid = {1D77910D-2495-43DE-AC7F-9CB99A3B49E8}
	EndGlobalSection
EndGlobal
