
Microsoft Visual Studio Solution File, Format Version 12.00
# Visual Studio Version 17
VisualStudioVersion = 17.8.34330.188
MinimumVisualStudioVersion = 10.0.40219.1
Project("{FAE04EC0-301F-11D3-BF4B-00C04F79EFBC}") = "SIM800CATController", "SIM800CATController\SIM800CATController.csproj", "{10FD9957-9816-485B-94CB-3C72CF75E1E8}"
EndProject
Project("{FAE04EC0-301F-11D3-BF4B-00C04F79EFBC}") = "API", "API\API.csproj", "{F684A2AC-6EFE-4DAD-99AA-E57A84D63BAB}"
EndProject
Global
	GlobalSection(SolutionConfigurationPlatforms) = preSolution
		Debug|Any CPU = Debug|Any CPU
		Release|Any CPU = Release|Any CPU
	EndGlobalSection
	GlobalSection(ProjectConfigurationPlatforms) = postSolution
		{10FD9957-9816-485B-94CB-3C72CF75E1E8}.Debug|Any CPU.ActiveCfg = Debug|Any CPU
		{10FD9957-9816-485B-94CB-3C72CF75E1E8}.Debug|Any CPU.Build.0 = Debug|Any CPU
		{10FD9957-9816-485B-94CB-3C72CF75E1E8}.Release|Any CPU.ActiveCfg = Release|Any CPU
		{10FD9957-9816-485B-94CB-3C72CF75E1E8}.Release|Any CPU.Build.0 = Release|Any CPU
		{F684A2AC-6EFE-4DAD-99AA-E57A84D63BAB}.Debug|Any CPU.ActiveCfg = Debug|Any CPU
		{F684A2AC-6EFE-4DAD-99AA-E57A84D63BAB}.Debug|Any CPU.Build.0 = Debug|Any CPU
		{F684A2AC-6EFE-4DAD-99AA-E57A84D63BAB}.Release|Any CPU.ActiveCfg = Release|Any CPU
		{F684A2AC-6EFE-4DAD-99AA-E57A84D63BAB}.Release|Any CPU.Build.0 = Release|Any CPU
	EndGlobalSection
	GlobalSection(SolutionProperties) = preSolution
		HideSolutionNode = FALSE
	EndGlobalSection
	GlobalSection(ExtensibilityGlobals) = postSolution
		SolutionGuid = {8975A074-DBF5-4E9E-989E-41371F8AAC0E}
	EndGlobalSection
EndGlobal
