
Microsoft Visual Studio Solution File, Format Version 12.00
# Visual Studio Version 17
VisualStudioVersion = 17.8.34330.188
MinimumVisualStudioVersion = 10.0.40219.1
Project("{FAE04EC0-301F-11D3-BF4B-00C04F79EFBC}") = "Maturaball_Tischreservierung", "Maturaball_Tischreservierung\Maturaball_Tischreservierung.csproj", "{8F6ABEA1-ED17-4FCA-A9F3-5801A7E2D3D1}"
EndProject
Global
	GlobalSection(SolutionConfigurationPlatforms) = preSolution
		Debug|Any CPU = Debug|Any CPU
		Release|Any CPU = Release|Any CPU
	EndGlobalSection
	GlobalSection(ProjectConfigurationPlatforms) = postSolution
		{8F6ABEA1-ED17-4FCA-A9F3-5801A7E2D3D1}.Debug|Any CPU.ActiveCfg = Debug|Any CPU
		{8F6ABEA1-ED17-4FCA-A9F3-5801A7E2D3D1}.Debug|Any CPU.Build.0 = Debug|Any CPU
		{8F6ABEA1-ED17-4FCA-A9F3-5801A7E2D3D1}.Release|Any CPU.ActiveCfg = Release|Any CPU
		{8F6ABEA1-ED17-4FCA-A9F3-5801A7E2D3D1}.Release|Any CPU.Build.0 = Release|Any CPU
	EndGlobalSection
	GlobalSection(SolutionProperties) = preSolution
		HideSolutionNode = FALSE
	EndGlobalSection
	GlobalSection(ExtensibilityGlobals) = postSolution
		SolutionGuid = {B674ADE6-22D1-493F-AB00-6CB8971FA208}
	EndGlobalSection
EndGlobal
